
Microsoft Visual Studio Solution File, Format Version 12.00
# Visual Studio Version 17
VisualStudioVersion = 17.3.32901.215
MinimumVisualStudioVersion = 10.0.40219.1
Project("{9A19103F-16F7-4668-BE54-9A1E7A4F7556}") = "UserApp", "UserApp\UserApp.csproj", "{9E4DFF83-BA7C-4457-959F-C928FD630277}"
EndProject
Project("{2150E333-8FDC-42A3-9474-1A3956D46DE8}") = "Элементы решения", "Элементы решения", "{455C638B-6310-44C4-A4D1-6CE39CC1D4FA}"
EndProject
Global
	GlobalSection(SolutionConfigurationPlatforms) = preSolution
		Debug|Any CPU = Debug|Any CPU
		Release|Any CPU = Release|Any CPU
	EndGlobalSection
	GlobalSection(ProjectConfigurationPlatforms) = postSolution
		{9E4DFF83-BA7C-4457-959F-C928FD630277}.Debug|Any CPU.ActiveCfg = Debug|Any CPU
		{9E4DFF83-BA7C-4457-959F-C928FD630277}.Debug|Any CPU.Build.0 = Debug|Any CPU
		{9E4DFF83-BA7C-4457-959F-C928FD630277}.Release|Any CPU.ActiveCfg = Release|Any CPU
		{9E4DFF83-BA7C-4457-959F-C928FD630277}.Release|Any CPU.Build.0 = Release|Any CPU
	EndGlobalSection
	GlobalSection(SolutionProperties) = preSolution
		HideSolutionNode = FALSE
	EndGlobalSection
	GlobalSection(ExtensibilityGlobals) = postSolution
		SolutionGuid = {74BC0CF4-ED96-45BC-8145-E5981336473F}
	EndGlobalSection
EndGlobal
